
Microsoft Visual Studio Solution File, Format Version 12.00
# Visual Studio Version 17
VisualStudioVersion = 17.7.34031.279
MinimumVisualStudioVersion = 10.0.40219.1
Project("{FAE04EC0-301F-11D3-BF4B-00C04F79EFBC}") = "MVC_ShoppingList", "MVC_ShoppingList\MVC_ShoppingList.csproj", "{DF1CF1D4-E4AD-4D8A-9A49-76F29411987D}"
EndProject
Global
	GlobalSection(SolutionConfigurationPlatforms) = preSolution
		Debug|Any CPU = Debug|Any CPU
		Release|Any CPU = Release|Any CPU
	EndGlobalSection
	GlobalSection(ProjectConfigurationPlatforms) = postSolution
		{DF1CF1D4-E4AD-4D8A-9A49-76F29411987D}.Debug|Any CPU.ActiveCfg = Debug|Any CPU
		{DF1CF1D4-E4AD-4D8A-9A49-76F29411987D}.Debug|Any CPU.Build.0 = Debug|Any CPU
		{DF1CF1D4-E4AD-4D8A-9A49-76F29411987D}.Release|Any CPU.ActiveCfg = Release|Any CPU
		{DF1CF1D4-E4AD-4D8A-9A49-76F29411987D}.Release|Any CPU.Build.0 = Release|Any CPU
	EndGlobalSection
	GlobalSection(SolutionProperties) = preSolution
		HideSolutionNode = FALSE
	EndGlobalSection
	GlobalSection(ExtensibilityGlobals) = postSolution
		SolutionGuid = {7B293236-A209-4AE8-AF3D-EAF455645DD1}
	EndGlobalSection
EndGlobal
